github.com/ajg/form v1.5.2-0.20200323032839-9aeb3cf462e1 h1:8Qzi+0Uch1VJvdrOhJ8U8FqoPLbUdETPgMqGJ6DSMSQ=
github.com/ajg/form v1.5.2-0.20200323032839-9aeb3cf462e1/go.mod h1:uL1WgH+h2mgNtvBq0339dVnzXdBETtL2LeUXaIv25UY=
github.com/fogfish/curie v1.8.2 h1:+4CezyjZ5uszSXUZAV27gfKwv58w3lKTH0JbQwh3S9A=
github.com/fogfish/curie v1.8.2/go.mod h1:jPv7pg4hHd8Ug/USG29ZA2bAwlRfh/iinY90/30ATGg=
github.com/fogfish/gurl/v2 v2.9.0 h1:IZlOxZte9y+NFgKHkPYw5jS0VCNG9avu2Ywrm2c3S6k=
github.com/fogfish/gurl/v2 v2.9.0/go.mod h1:vBqw+SCrfOPNllWDCwPnuotrNeuuyTsYZ28iP13qF3Y=
github.com/fogfish/it v0.9.1 h1:Pu+qgqBV2ilZDzZzPIbUIhMIkdpHgbGUsdEwVQvBxNQ=
github.com/fogfish/it v0.9.1/go.mod h1:NQJG4Ygvek85y7zGj0Gny8+6ygAnHjfBORhI7TdQhp4=
github.com/fogfish/it/v2 v2.0.1 h1:vu3kV2xzYDPHoMHMABxXeu5CoMcTfRc4gkWkzOUkRJY=
github.com/fogfish/it/v2 v2.0.1/go.mod h1:h5FdKaEQT4sUEykiVkB8VV4jX27XabFVeWhoDZaRZtE=
github.com/fogfish/schemaorg v1.22.0 h1:0laPbToW8lVxdx7hPgc8qukZfrewBJYNf4ffpZn/6HQ=
github.com/fogfish/schemaorg v1.22.0/go.mod h1:CDOmEVSdag/o66Y3qjFROm0mUjJxDvSzAOXQwd+ZFrs=
github.com/google/go-cmp v0.6.0 h1:ofyhxvXcZhMsU5ulbFiLKl/XBFqE1GSq7atu8tAmTRI=
github.com/google/go-cmp v0.6.0/go.mod h1:17dUlkBOakJ0+DkrSSNjCkIjxS6bF9zb3elmeNGIjoY=
github.com/kshard/wreck v0.0.2 h1:MUTbcLDmD0//p/S4iiKskzcKB5DgMJNeBfao1c+iiFk=
github.com/kshard/wreck v0.0.2/go.mod h1:rT4tAEOaZhozTekFxTUhclfu4mLnqFgdrgrMtXw+KAI=
golang.org/x/net v0.26.0 h1:soB7SVo0PWrY4vPW/+ay0jKDNScG2X9wFeYlXIvJsOQ=
golang.org/x/net v0.26.0/go.mod h1:5YKkiSynbBIh3p6iOc/vibscux0x38BZDkn8sCUPxHE=
